
Microsoft Visual Studio Solution File, Format Version 12.00
# Visual Studio 15
VisualStudioVersion = 15.0.28307.329
MinimumVisualStudioVersion = 10.0.40219.1
Project("{9A19103F-16F7-4668-BE54-9A1E7A4F7556}") = "Orchid.Chakra", "Orchid.Chakra\Orchid.Chakra.csproj", "{63DFB681-18C5-483D-8710-31E2CE38C636}"
EndProject
Project("{9A19103F-16F7-4668-BE54-9A1E7A4F7556}") = "Orchid.Chakra.Tests", "Orchid.Chakra.Tests\Orchid.Chakra.Tests.csproj", "{8164B1C8-1245-414D-A428-B695998CC3D0}"
EndProject
Global
	GlobalSection(SolutionConfigurationPlatforms) = preSolution
		Debug|Any CPU = Debug|Any CPU
		Release|Any CPU = Release|Any CPU
	EndGlobalSection
	GlobalSection(ProjectConfigurationPlatforms) = postSolution
		{63DFB681-18C5-483D-8710-31E2CE38C636}.Debug|Any CPU.ActiveCfg = Debug|Any CPU
		{63DFB681-18C5-483D-8710-31E2CE38C636}.Debug|Any CPU.Build.0 = Debug|Any CPU
		{63DFB681-18C5-483D-8710-31E2CE38C636}.Release|Any CPU.ActiveCfg = Release|Any CPU
		{63DFB681-18C5-483D-8710-31E2CE38C636}.Release|Any CPU.Build.0 = Release|Any CPU
		{8164B1C8-1245-414D-A428-B695998CC3D0}.Debug|Any CPU.ActiveCfg = Debug|Any CPU
		{8164B1C8-1245-414D-A428-B695998CC3D0}.Debug|Any CPU.Build.0 = Debug|Any CPU
		{8164B1C8-1245-414D-A428-B695998CC3D0}.Release|Any CPU.ActiveCfg = Release|Any CPU
		{8164B1C8-1245-414D-A428-B695998CC3D0}.Release|Any CPU.Build.0 = Release|Any CPU
	EndGlobalSection
	GlobalSection(SolutionProperties) = preSolution
		HideSolutionNode = FALSE
	EndGlobalSection
	GlobalSection(ExtensibilityGlobals) = postSolution
		SolutionGuid = {8789F83B-3CE2-4FC5-A3CF-E7E58EE1129F}
	EndGlobalSection
EndGlobal
